
Microsoft Visual Studio Solution File, Format Version 12.00
# Visual Studio Version 16
VisualStudioVersion = 16.0.31112.23
MinimumVisualStudioVersion = 10.0.40219.1
Project("{FAE04EC0-301F-11D3-BF4B-00C04F79EFBC}") = "CurrencyConverter", "CurrencyConverter\CurrencyConverter.csproj", "{C2B4B2DE-97DA-4407-9244-CC7B8E21788F}"
EndProject
Global
	GlobalSection(SolutionConfigurationPlatforms) = preSolution
		Debug|Any CPU = Debug|Any CPU
		Release|Any CPU = Release|Any CPU
	EndGlobalSection
	GlobalSection(ProjectConfigurationPlatforms) = postSolution
		{C2B4B2DE-97DA-4407-9244-CC7B8E21788F}.Debug|Any CPU.ActiveCfg = Debug|Any CPU
		{C2B4B2DE-97DA-4407-9244-CC7B8E21788F}.Debug|Any CPU.Build.0 = Debug|Any CPU
		{C2B4B2DE-97DA-4407-9244-CC7B8E21788F}.Release|Any CPU.ActiveCfg = Release|Any CPU
		{C2B4B2DE-97DA-4407-9244-CC7B8E21788F}.Release|Any CPU.Build.0 = Release|Any CPU
	EndGlobalSection
	GlobalSection(SolutionProperties) = preSolution
		HideSolutionNode = FALSE
	EndGlobalSection
	GlobalSection(ExtensibilityGlobals) = postSolution
		SolutionGuid = {E0B6191D-2984-4DDB-B885-83295B4E6939}
	EndGlobalSection
EndGlobal
